{
    "_readme": [
        "This file locks the dependencies of your project to a known state",
        "Read more about it at https://getcomposer.org/doc/01-basic-usage.md#installing-dependencies",
        "This file is @generated automatically"
    ],
    "content-hash": "258b699c0424c13ac703f8354ef3c9bc",
    "packages": [
        {
            "name": "formr/formr",
            "version": "1.4.9",
            "source": {
                "type": "git",
                "url": "https://github.com/formr/formr.git",
                "reference": "51f5d0ce988ab811b9c9cd705bafa721c99cc7fb"
            },
            "dist": {
                "type": "zip",
                "url": "https://api.github.com/repos/formr/formr/zipball/51f5d0ce988ab811b9c9cd705bafa721c99cc7fb",
                "reference": "51f5d0ce988ab811b9c9cd705bafa721c99cc7fb",
                "shasum": ""
            },
            "require": {
                "php": ">=5.6"
            },
            "type": "library",
            "autoload": {
                "files": [
                    "class.formr.php"
                ]
            },
            "notification-url": "https://packagist.org/downloads/",
            "license": [
                "GPL-2.0-only"
            ],
            "authors": [
                {
                    "name": "Tim Gavin",
                    "homepage": "https://formr.github.io",
                    "role": "Original Author"
                }
            ],
            "description": "Formr is a PHP micro-framework which helps you build and validate forms quickly, painlessly, and without all the messy overhead.",
            "support": {
                "issues": "https://github.com/formr/formr/issues",
                "source": "https://github.com/formr/formr/tree/1.4.9"
            },
            "funding": [
                {
                    "url": "https://github.com/timgavin",
                    "type": "github"
                }
            ],
            "time": "2023-04-27T18:40:38+00:00"
        }
    ],
    "packages-dev": [],
    "aliases": [],
    "minimum-stability": "stable",
    "stability-flags": [],
    "prefer-stable": false,
    "prefer-lowest": false,
    "platform": [],
    "platform-dev": [],
    "plugin-api-version": "2.2.0"
}
